
Microsoft Visual Studio Solution File, Format Version 12.00
# Visual Studio Version 17
VisualStudioVersion = 17.2.32602.215
MinimumVisualStudioVersion = 10.0.40219.1
Project("{9A19103F-16F7-4668-BE54-9A1E7A4F7556}") = "BlazorClient", "BlazorClient\BlazorClient.csproj", "{88D2A958-B314-430A-B24A-24CC6BDD3C33}"
EndProject
Project("{9A19103F-16F7-4668-BE54-9A1E7A4F7556}") = "YumCity_MigrationsDBSpecific", "..\LLBLGen Project\Code\DatabaseSpecific\YumCity_MigrationsDBSpecific.csproj", "{BDE1342E-D84C-43A4-9B5F-FB488BA4EAE0}"
EndProject
Project("{9A19103F-16F7-4668-BE54-9A1E7A4F7556}") = "YumCity_Migrations", "..\LLBLGen Project\Code\DatabaseGeneric\YumCity_Migrations.csproj", "{40C96DF7-EDEC-4113-BF6C-248D71D33EF5}"
EndProject
Global
	GlobalSection(SolutionConfigurationPlatforms) = preSolution
		Debug|Any CPU = Debug|Any CPU
		Release|Any CPU = Release|Any CPU
	EndGlobalSection
	GlobalSection(ProjectConfigurationPlatforms) = postSolution
		{88D2A958-B314-430A-B24A-24CC6BDD3C33}.Debug|Any CPU.ActiveCfg = Debug|Any CPU
		{88D2A958-B314-430A-B24A-24CC6BDD3C33}.Debug|Any CPU.Build.0 = Debug|Any CPU
		{88D2A958-B314-430A-B24A-24CC6BDD3C33}.Release|Any CPU.ActiveCfg = Release|Any CPU
		{88D2A958-B314-430A-B24A-24CC6BDD3C33}.Release|Any CPU.Build.0 = Release|Any CPU
		{BDE1342E-D84C-43A4-9B5F-FB488BA4EAE0}.Debug|Any CPU.ActiveCfg = Debug|Any CPU
		{BDE1342E-D84C-43A4-9B5F-FB488BA4EAE0}.Debug|Any CPU.Build.0 = Debug|Any CPU
		{BDE1342E-D84C-43A4-9B5F-FB488BA4EAE0}.Release|Any CPU.ActiveCfg = Release|Any CPU
		{BDE1342E-D84C-43A4-9B5F-FB488BA4EAE0}.Release|Any CPU.Build.0 = Release|Any CPU
		{40C96DF7-EDEC-4113-BF6C-248D71D33EF5}.Debug|Any CPU.ActiveCfg = Debug|Any CPU
		{40C96DF7-EDEC-4113-BF6C-248D71D33EF5}.Debug|Any CPU.Build.0 = Debug|Any CPU
		{40C96DF7-EDEC-4113-BF6C-248D71D33EF5}.Release|Any CPU.ActiveCfg = Release|Any CPU
		{40C96DF7-EDEC-4113-BF6C-248D71D33EF5}.Release|Any CPU.Build.0 = Release|Any CPU
	EndGlobalSection
	GlobalSection(SolutionProperties) = preSolution
		HideSolutionNode = FALSE
	EndGlobalSection
	GlobalSection(ExtensibilityGlobals) = postSolution
		SolutionGuid = {1289BEDC-C1A8-498C-B424-F05579A8967F}
	EndGlobalSection
EndGlobal
